
Microsoft Visual Studio Solution File, Format Version 12.00
# Visual Studio Version 16
VisualStudioVersion = 16.0.29911.84
MinimumVisualStudioVersion = 10.0.40219.1
Project("{9A19103F-16F7-4668-BE54-9A1E7A4F7556}") = "Credential_user.Presentation", "Credential_user\Credential_user.Presentation.csproj", "{FD040602-FE44-4E90-903D-10844F933B69}"
EndProject
Project("{9A19103F-16F7-4668-BE54-9A1E7A4F7556}") = "Credential_user.DataAccess", "Credential_user.DataAccess\Credential_user.DataAccess.csproj", "{AAA81288-B6C9-4F3A-9E34-18AEDB45BD89}"
EndProject
Project("{9A19103F-16F7-4668-BE54-9A1E7A4F7556}") = "Credential_User.BusinessLogic", "Credential_User.BusinessLogic\Credential_User.BusinessLogic.csproj", "{88AF558E-6230-4D44-9F47-0BA972888AF1}"
EndProject
Project("{2150E333-8FDC-42A3-9474-1A3956D46DE8}") = "Solution Items", "Solution Items", "{2ACB4226-13BA-452C-AA38-13AB2D4ECECF}"
	ProjectSection(SolutionItems) = preProject
		.editorconfig = .editorconfig
	EndProjectSection
EndProject
Global
	GlobalSection(SolutionConfigurationPlatforms) = preSolution
		Debug|Any CPU = Debug|Any CPU
		Release|Any CPU = Release|Any CPU
	EndGlobalSection
	GlobalSection(ProjectConfigurationPlatforms) = postSolution
		{FD040602-FE44-4E90-903D-10844F933B69}.Debug|Any CPU.ActiveCfg = Debug|Any CPU
		{FD040602-FE44-4E90-903D-10844F933B69}.Debug|Any CPU.Build.0 = Debug|Any CPU
		{FD040602-FE44-4E90-903D-10844F933B69}.Release|Any CPU.ActiveCfg = Release|Any CPU
		{FD040602-FE44-4E90-903D-10844F933B69}.Release|Any CPU.Build.0 = Release|Any CPU
		{AAA81288-B6C9-4F3A-9E34-18AEDB45BD89}.Debug|Any CPU.ActiveCfg = Debug|Any CPU
		{AAA81288-B6C9-4F3A-9E34-18AEDB45BD89}.Debug|Any CPU.Build.0 = Debug|Any CPU
		{AAA81288-B6C9-4F3A-9E34-18AEDB45BD89}.Release|Any CPU.ActiveCfg = Release|Any CPU
		{AAA81288-B6C9-4F3A-9E34-18AEDB45BD89}.Release|Any CPU.Build.0 = Release|Any CPU
		{88AF558E-6230-4D44-9F47-0BA972888AF1}.Debug|Any CPU.ActiveCfg = Debug|Any CPU
		{88AF558E-6230-4D44-9F47-0BA972888AF1}.Debug|Any CPU.Build.0 = Debug|Any CPU
		{88AF558E-6230-4D44-9F47-0BA972888AF1}.Release|Any CPU.ActiveCfg = Release|Any CPU
		{88AF558E-6230-4D44-9F47-0BA972888AF1}.Release|Any CPU.Build.0 = Release|Any CPU
	EndGlobalSection
	GlobalSection(SolutionProperties) = preSolution
		HideSolutionNode = FALSE
	EndGlobalSection
	GlobalSection(ExtensibilityGlobals) = postSolution
		SolutionGuid = {04F6C25F-C30D-4523-9FD7-D6E5E6B8DA00}
	EndGlobalSection
EndGlobal
